
Microsoft Visual Studio Solution File, Format Version 12.00
# Visual Studio Version 17
VisualStudioVersion = 17.5.33414.496
MinimumVisualStudioVersion = 10.0.40219.1
Project("{FAE04EC0-301F-11D3-BF4B-00C04F79EFBC}") = "ProjetoGit", "ProjetoGit\ProjetoGit.csproj", "{64924632-F0C6-45AF-BE07-7168FA93B679}"
EndProject
Global
	GlobalSection(SolutionConfigurationPlatforms) = preSolution
		Debug|Any CPU = Debug|Any CPU
		Release|Any CPU = Release|Any CPU
	EndGlobalSection
	GlobalSection(ProjectConfigurationPlatforms) = postSolution
		{64924632-F0C6-45AF-BE07-7168FA93B679}.Debug|Any CPU.ActiveCfg = Debug|Any CPU
		{64924632-F0C6-45AF-BE07-7168FA93B679}.Debug|Any CPU.Build.0 = Debug|Any CPU
		{64924632-F0C6-45AF-BE07-7168FA93B679}.Release|Any CPU.ActiveCfg = Release|Any CPU
		{64924632-F0C6-45AF-BE07-7168FA93B679}.Release|Any CPU.Build.0 = Release|Any CPU
	EndGlobalSection
	GlobalSection(SolutionProperties) = preSolution
		HideSolutionNode = FALSE
	EndGlobalSection
	GlobalSection(ExtensibilityGlobals) = postSolution
		SolutionGuid = {631D46C8-43F0-49C1-ACB2-D619A6FB2D54}
	EndGlobalSection
EndGlobal
